
Microsoft Visual Studio Solution File, Format Version 12.00
# Visual Studio 15
VisualStudioVersion = 15.0.28307.902
MinimumVisualStudioVersion = 10.0.40219.1
Project("{FAE04EC0-301F-11D3-BF4B-00C04F79EFBC}") = "LabManagement", "Vilas197 Managerment\LabManagement.csproj", "{740D1092-EC9A-4820-ACFB-1CE3FDD97B77}"
EndProject
Global
	GlobalSection(SolutionConfigurationPlatforms) = preSolution
		Debug|Any CPU = Debug|Any CPU
		Release|Any CPU = Release|Any CPU
	EndGlobalSection
	GlobalSection(ProjectConfigurationPlatforms) = postSolution
		{740D1092-EC9A-4820-ACFB-1CE3FDD97B77}.Debug|Any CPU.ActiveCfg = Debug|Any CPU
		{740D1092-EC9A-4820-ACFB-1CE3FDD97B77}.Debug|Any CPU.Build.0 = Debug|Any CPU
		{740D1092-EC9A-4820-ACFB-1CE3FDD97B77}.Release|Any CPU.ActiveCfg = Release|Any CPU
		{740D1092-EC9A-4820-ACFB-1CE3FDD97B77}.Release|Any CPU.Build.0 = Release|Any CPU
	EndGlobalSection
	GlobalSection(SolutionProperties) = preSolution
		HideSolutionNode = FALSE
	EndGlobalSection
	GlobalSection(ExtensibilityGlobals) = postSolution
		SolutionGuid = {CC08F1F5-613D-494B-B57D-2BCE5A621F05}
	EndGlobalSection
EndGlobal
